
Microsoft Visual Studio Solution File, Format Version 12.00
# Visual Studio Version 17
VisualStudioVersion = 17.8.34330.188
MinimumVisualStudioVersion = 10.0.40219.1
Project("{FAE04EC0-301F-11D3-BF4B-00C04F79EFBC}") = "CalculatorTest", "Calculator\CalculatorTest.csproj", "{7B2F24D0-61CD-4532-BE07-1B6DC959559D}"
EndProject
Project("{FAE04EC0-301F-11D3-BF4B-00C04F79EFBC}") = "Demo", "Demo\Demo.csproj", "{45D72774-C0F2-4363-8456-32BE62F576F3}"
EndProject
Project("{FAE04EC0-301F-11D3-BF4B-00C04F79EFBC}") = "Web", "Web\Web.csproj", "{FE478723-64D6-4BEE-BD33-90EAC8583D51}"
EndProject
Global
	GlobalSection(SolutionConfigurationPlatforms) = preSolution
		Debug|Any CPU = Debug|Any CPU
		Release|Any CPU = Release|Any CPU
	EndGlobalSection
	GlobalSection(ProjectConfigurationPlatforms) = postSolution
		{7B2F24D0-61CD-4532-BE07-1B6DC959559D}.Debug|Any CPU.ActiveCfg = Debug|Any CPU
		{7B2F24D0-61CD-4532-BE07-1B6DC959559D}.Debug|Any CPU.Build.0 = Debug|Any CPU
		{7B2F24D0-61CD-4532-BE07-1B6DC959559D}.Release|Any CPU.ActiveCfg = Release|Any CPU
		{7B2F24D0-61CD-4532-BE07-1B6DC959559D}.Release|Any CPU.Build.0 = Release|Any CPU
		{45D72774-C0F2-4363-8456-32BE62F576F3}.Debug|Any CPU.ActiveCfg = Debug|Any CPU
		{45D72774-C0F2-4363-8456-32BE62F576F3}.Debug|Any CPU.Build.0 = Debug|Any CPU
		{45D72774-C0F2-4363-8456-32BE62F576F3}.Release|Any CPU.ActiveCfg = Release|Any CPU
		{45D72774-C0F2-4363-8456-32BE62F576F3}.Release|Any CPU.Build.0 = Release|Any CPU
		{FE478723-64D6-4BEE-BD33-90EAC8583D51}.Debug|Any CPU.ActiveCfg = Debug|Any CPU
		{FE478723-64D6-4BEE-BD33-90EAC8583D51}.Debug|Any CPU.Build.0 = Debug|Any CPU
		{FE478723-64D6-4BEE-BD33-90EAC8583D51}.Release|Any CPU.ActiveCfg = Release|Any CPU
		{FE478723-64D6-4BEE-BD33-90EAC8583D51}.Release|Any CPU.Build.0 = Release|Any CPU
	EndGlobalSection
	GlobalSection(SolutionProperties) = preSolution
		HideSolutionNode = FALSE
	EndGlobalSection
	GlobalSection(ExtensibilityGlobals) = postSolution
		SolutionGuid = {5B01750C-9D85-41A7-A5CF-485A8E0BBB20}
	EndGlobalSection
EndGlobal
